
Microsoft Visual Studio Solution File, Format Version 12.00
# Visual Studio 15
Project("{FAE04EC0-301F-11D3-BF4B-00C04F79EFBC}") = "Unity.Timeline", "Unity.Timeline.csproj", "{04C5D694-2F28-037B-A474-625C2F98DFA6}"
EndProject
Project("{FAE04EC0-301F-11D3-BF4B-00C04F79EFBC}") = "Unity.InputSystem", "Unity.InputSystem.csproj", "{B71570F7-2C05-53C0-59E4-521808BABA76}"
EndProject
Project("{FAE04EC0-301F-11D3-BF4B-00C04F79EFBC}") = "Unity.PlasticSCM.Editor", "Unity.PlasticSCM.Editor.csproj", "{CECE7188-DD02-4257-98F2-60BB206008DE}"
EndProject
Project("{FAE04EC0-301F-11D3-BF4B-00C04F79EFBC}") = "Assembly-CSharp", "Assembly-CSharp.csproj", "{2E2E0F28-9AC6-1A69-22DA-DCB18271ACBD}"
EndProject
Project("{FAE04EC0-301F-11D3-BF4B-00C04F79EFBC}") = "Unity.VisualScripting.Flow", "Unity.VisualScripting.Flow.csproj", "{B0A1AAB5-F5D3-9601-80F1-6FE6C220B983}"
EndProject
Project("{FAE04EC0-301F-11D3-BF4B-00C04F79EFBC}") = "Unity.Timeline.Editor", "Unity.Timeline.Editor.csproj", "{F6D6A2FD-BD45-1854-9F1B-9AB3B7844CE2}"
EndProject
Project("{FAE04EC0-301F-11D3-BF4B-00C04F79EFBC}") = "Unity.Multiplayer.Center.Editor", "Unity.Multiplayer.Center.Editor.csproj", "{393F93E6-A526-8860-509D-87A3D44F7275}"
EndProject
Project("{FAE04EC0-301F-11D3-BF4B-00C04F79EFBC}") = "Unity.VisualScripting.Core.Editor", "Unity.VisualScripting.Core.Editor.csproj", "{EF8C9EEA-9972-00B4-73CB-7931BC299FA3}"
EndProject
Project("{FAE04EC0-301F-11D3-BF4B-00C04F79EFBC}") = "UnityEngine.UI", "UnityEngine.UI.csproj", "{3324A655-E191-D659-FA7C-952F3304CA6C}"
EndProject
Project("{FAE04EC0-301F-11D3-BF4B-00C04F79EFBC}") = "UnityEditor.TestRunner", "UnityEditor.TestRunner.csproj", "{DCB7943F-A3D5-816A-8CF0-07AF339FC596}"
EndProject
Project("{FAE04EC0-301F-11D3-BF4B-00C04F79EFBC}") = "UnityEngine.TestRunner", "UnityEngine.TestRunner.csproj", "{E6DC3DF1-C1F6-EC1A-407D-DE8278DC7BE0}"
EndProject
Project("{FAE04EC0-301F-11D3-BF4B-00C04F79EFBC}") = "Unity.VisualScripting.Core", "Unity.VisualScripting.Core.csproj", "{5F53690F-186B-B14A-1C54-91A8739DAD18}"
EndProject
Project("{FAE04EC0-301F-11D3-BF4B-00C04F79EFBC}") = "Unity.VisualScripting.Flow.Editor", "Unity.VisualScripting.Flow.Editor.csproj", "{3A8E8A38-B9FB-C0C7-25BC-12F7375C264F}"
EndProject
Project("{FAE04EC0-301F-11D3-BF4B-00C04F79EFBC}") = "Unity.AI.Navigation.Editor", "Unity.AI.Navigation.Editor.csproj", "{A5836032-F7F5-64EE-CE8B-6F1EFA8F0E6C}"
EndProject
Project("{FAE04EC0-301F-11D3-BF4B-00C04F79EFBC}") = "Unity.VisualStudio.Editor", "Unity.VisualStudio.Editor.csproj", "{997F713B-BFED-A965-2775-3A58565C7425}"
EndProject
Project("{FAE04EC0-301F-11D3-BF4B-00C04F79EFBC}") = "Unity.TextMeshPro.Editor", "Unity.TextMeshPro.Editor.csproj", "{B715A09F-B63B-1F49-7CF1-9D17DDCE4D5A}"
EndProject
Project("{FAE04EC0-301F-11D3-BF4B-00C04F79EFBC}") = "Unity.TestTools.CodeCoverage.Editor.OpenCover.Model", "Unity.TestTools.CodeCoverage.Editor.OpenCover.Model.csproj", "{E21D3D88-238D-EBD5-B924-C6506185100E}"
EndProject
Project("{FAE04EC0-301F-11D3-BF4B-00C04F79EFBC}") = "Unity.Rider.Editor", "Unity.Rider.Editor.csproj", "{17B29526-5CC3-AF9A-27B2-0A0362003016}"
EndProject
Project("{FAE04EC0-301F-11D3-BF4B-00C04F79EFBC}") = "Unity.AI.Navigation.Editor.ConversionSystem", "Unity.AI.Navigation.Editor.ConversionSystem.csproj", "{A1C3739F-8DD7-7F02-B13D-B81B8E3EDB0A}"
EndProject
Project("{FAE04EC0-301F-11D3-BF4B-00C04F79EFBC}") = "Unity.VisualScripting.State.Editor", "Unity.VisualScripting.State.Editor.csproj", "{A2ECE4EA-8D35-1115-5C1F-2E563A3EF423}"
EndProject
Project("{FAE04EC0-301F-11D3-BF4B-00C04F79EFBC}") = "Unity.InternalAPIEngineBridge.004", "Unity.InternalAPIEngineBridge.004.csproj", "{D881B5EF-24D7-B17A-BA80-F9A581F8D4C2}"
EndProject
Project("{FAE04EC0-301F-11D3-BF4B-00C04F79EFBC}") = "Unity.TestTools.CodeCoverage.Editor", "Unity.TestTools.CodeCoverage.Editor.csproj", "{17C994DF-6733-57F7-4149-C1C29718122A}"
EndProject
Project("{FAE04EC0-301F-11D3-BF4B-00C04F79EFBC}") = "Unity.AI.Navigation", "Unity.AI.Navigation.csproj", "{C0F72C40-5076-D525-57E5-15F7AD7E3163}"
EndProject
Project("{FAE04EC0-301F-11D3-BF4B-00C04F79EFBC}") = "Unity.VisualScripting.State", "Unity.VisualScripting.State.csproj", "{8BEB1812-44DB-5155-C332-01BD21CA9BDD}"
EndProject
Project("{FAE04EC0-301F-11D3-BF4B-00C04F79EFBC}") = "Unity.Performance.Profile-Analyzer.Editor", "Unity.Performance.Profile-Analyzer.Editor.csproj", "{3FB296E0-560B-7582-3C27-610A2CE960F5}"
EndProject
Project("{FAE04EC0-301F-11D3-BF4B-00C04F79EFBC}") = "Unity.InputSystem.ForUI", "Unity.InputSystem.ForUI.csproj", "{BF796F0E-4C40-44F2-1690-87F2AE675A7F}"
EndProject
Project("{FAE04EC0-301F-11D3-BF4B-00C04F79EFBC}") = "Unity.Mobile.AndroidLogcat.Editor", "Unity.Mobile.AndroidLogcat.Editor.csproj", "{120863E7-2C64-6F4A-575F-E5024F265A4B}"
EndProject
Project("{FAE04EC0-301F-11D3-BF4B-00C04F79EFBC}") = "UnityEditor.UI", "UnityEditor.UI.csproj", "{35428A92-7639-9B79-ACEA-9EF036190A49}"
EndProject
Project("{FAE04EC0-301F-11D3-BF4B-00C04F79EFBC}") = "Unity.TextMeshPro", "Unity.TextMeshPro.csproj", "{BBCA707C-A834-DC00-1956-4A4BDA16C5DD}"
EndProject
Project("{FAE04EC0-301F-11D3-BF4B-00C04F79EFBC}") = "Unity.VisualScripting.SettingsProvider.Editor", "Unity.VisualScripting.SettingsProvider.Editor.csproj", "{0B1BACCE-1C0F-C945-24B7-21389663331D}"
EndProject
Project("{FAE04EC0-301F-11D3-BF4B-00C04F79EFBC}") = "Unity.VSCode.Editor", "Unity.VSCode.Editor.csproj", "{6D1A5655-2048-FFB3-F1C3-C28DD5156D28}"
EndProject
Project("{FAE04EC0-301F-11D3-BF4B-00C04F79EFBC}") = "Unity.TestTools.CodeCoverage.Editor.OpenCover.Mono.Reflection", "Unity.TestTools.CodeCoverage.Editor.OpenCover.Mono.Reflection.csproj", "{C94AC3B7-EB5A-469F-EE0F-62C90418A26F}"
EndProject
Project("{FAE04EC0-301F-11D3-BF4B-00C04F79EFBC}") = "Unity.AI.Navigation.Updater", "Unity.AI.Navigation.Updater.csproj", "{121395AB-1B36-BFF9-FB65-895D02F7ED6E}"
EndProject
Project("{FAE04EC0-301F-11D3-BF4B-00C04F79EFBC}") = "Unity.Settings.Editor", "Unity.Settings.Editor.csproj", "{4377120F-DE92-9F47-2BF3-78421E1AE0FA}"
EndProject
Project("{FAE04EC0-301F-11D3-BF4B-00C04F79EFBC}") = "Unity.PlasticSCM.Editor.Assistant", "Unity.PlasticSCM.Editor.Assistant.csproj", "{D82CA76B-E9B7-09A0-7469-AB04D664743D}"
EndProject
Project("{FAE04EC0-301F-11D3-BF4B-00C04F79EFBC}") = "Unity.InputSystem.DocCodeSamples", "Unity.InputSystem.DocCodeSamples.csproj", "{0C944098-D66C-B689-3D11-B5E59FA18C74}"
EndProject
Project("{FAE04EC0-301F-11D3-BF4B-00C04F79EFBC}") = "Unity.Multiplayer.Center.Common", "Unity.Multiplayer.Center.Common.csproj", "{309B8349-B75C-E124-0B2C-3071E1CC9393}"
EndProject
Project("{FAE04EC0-301F-11D3-BF4B-00C04F79EFBC}") = "Unity.CollabProxy.Editor", "Unity.CollabProxy.Editor.csproj", "{387FC358-88F6-0C7C-3ED0-501BED3DECBC}"
EndProject
Project("{FAE04EC0-301F-11D3-BF4B-00C04F79EFBC}") = "UnityEditor.UI.Analytics", "UnityEditor.UI.Analytics.csproj", "{3E844EAE-DCF6-F75E-1CC3-2DB1D759E501}"
EndProject
Project("{FAE04EC0-301F-11D3-BF4B-00C04F79EFBC}") = "Unity.VisualScripting.DocCodeExamples", "Unity.VisualScripting.DocCodeExamples.csproj", "{9736B1B0-E25F-BE9E-169C-14F6674C826A}"
EndProject
Project("{FAE04EC0-301F-11D3-BF4B-00C04F79EFBC}") = "Unity.InputSystem.TestFramework", "Unity.InputSystem.TestFramework.csproj", "{78AFE72E-4A3A-1D6F-04F1-3B30FE67FD5D}"
EndProject
Project("{FAE04EC0-301F-11D3-BF4B-00C04F79EFBC}") = "Unity.VisualScripting.Shared.Editor", "Unity.VisualScripting.Shared.Editor.csproj", "{AA6719C0-FFE5-086A-AB72-CDB753B3E9B0}"
EndProject
Project("{FAE04EC0-301F-11D3-BF4B-00C04F79EFBC}") = "Unity.EditorCoroutines.Editor", "Unity.EditorCoroutines.Editor.csproj", "{9C1ECA5E-76F7-F0C8-494D-DFA7D5050DF5}"
EndProject
Project("{FAE04EC0-301F-11D3-BF4B-00C04F79EFBC}") = "Unity.PlasticSCM.Editor.Entities", "Unity.PlasticSCM.Editor.Entities.csproj", "{CFE4904A-9AD9-367E-B2B1-E2A38CBFB75B}"
EndProject
Project("{FAE04EC0-301F-11D3-BF4B-00C04F79EFBC}") = "Unity.InputSystem.ForUI.Editor", "Unity.InputSystem.ForUI.Editor.csproj", "{4732D3CD-493E-DBEB-6BAE-E528012A8878}"
EndProject
Project("{FAE04EC0-301F-11D3-BF4B-00C04F79EFBC}") = "Unity.Timeline", "Unity.Timeline.Player.csproj", "{3DFC726A-2632-9547-3C4A-50C074B2F2D9}"
EndProject
Project("{FAE04EC0-301F-11D3-BF4B-00C04F79EFBC}") = "Unity.InputSystem", "Unity.InputSystem.Player.csproj", "{F7286FAD-BAE4-1292-0755-550D4DD86958}"
EndProject
Project("{FAE04EC0-301F-11D3-BF4B-00C04F79EFBC}") = "Assembly-CSharp", "Assembly-CSharp.Player.csproj", "{0E78C5A4-8F1A-98C1-CE3A-374D420DA7A6}"
EndProject
Project("{FAE04EC0-301F-11D3-BF4B-00C04F79EFBC}") = "Unity.VisualScripting.Flow", "Unity.VisualScripting.Flow.Player.csproj", "{1590B428-729C-D829-5A3E-7A69182756A5}"
EndProject
Project("{FAE04EC0-301F-11D3-BF4B-00C04F79EFBC}") = "UnityEngine.UI", "UnityEngine.UI.Player.csproj", "{F06373D3-2971-26B3-3760-7EE9CF06550C}"
EndProject
Project("{FAE04EC0-301F-11D3-BF4B-00C04F79EFBC}") = "UnityEngine.TestRunner", "UnityEngine.TestRunner.Player.csproj", "{A1A79D05-155C-ED00-2F98-FCD209F6922D}"
EndProject
Project("{FAE04EC0-301F-11D3-BF4B-00C04F79EFBC}") = "Unity.VisualScripting.Core", "Unity.VisualScripting.Core.Player.csproj", "{43017001-0088-7156-EB63-1B87C16BE8DA}"
EndProject
Project("{FAE04EC0-301F-11D3-BF4B-00C04F79EFBC}") = "Unity.InternalAPIEngineBridge.004", "Unity.InternalAPIEngineBridge.004.Player.csproj", "{0769E7A1-7C4F-5412-0FFB-AB918F7A323C}"
EndProject
Project("{FAE04EC0-301F-11D3-BF4B-00C04F79EFBC}") = "Unity.AI.Navigation", "Unity.AI.Navigation.Player.csproj", "{B1283F14-7709-B97C-EA7E-443E7B134D46}"
EndProject
Project("{FAE04EC0-301F-11D3-BF4B-00C04F79EFBC}") = "Unity.VisualScripting.State", "Unity.VisualScripting.State.Player.csproj", "{A52377AF-C258-2942-9584-C76729D5EC40}"
EndProject
Project("{FAE04EC0-301F-11D3-BF4B-00C04F79EFBC}") = "Unity.InputSystem.ForUI", "Unity.InputSystem.ForUI.Player.csproj", "{D64146B6-3872-0A5D-46BC-A5674F816203}"
EndProject
Project("{FAE04EC0-301F-11D3-BF4B-00C04F79EFBC}") = "Unity.TextMeshPro", "Unity.TextMeshPro.Player.csproj", "{A2B06A12-98C9-87C0-8898-25C0AAB72C40}"
EndProject
Project("{FAE04EC0-301F-11D3-BF4B-00C04F79EFBC}") = "Unity.Multiplayer.Center.Common", "Unity.Multiplayer.Center.Common.Player.csproj", "{7C5A1F81-2530-FFEF-8293-F32BEA3EA1BB}"
EndProject
Project("{FAE04EC0-301F-11D3-BF4B-00C04F79EFBC}") = "Unity.VisualScripting.DocCodeExamples", "Unity.VisualScripting.DocCodeExamples.Player.csproj", "{B4E3EB37-9BE3-7596-C046-4F9AB39A831B}"
EndProject
Project("{FAE04EC0-301F-11D3-BF4B-00C04F79EFBC}") = "Unity.InputSystem.TestFramework", "Unity.InputSystem.TestFramework.Player.csproj", "{5179806A-0CC6-6A73-3EAB-1B7AA3A207E2}"
EndProject
Global
	GlobalSection(SolutionConfigurationPlatforms) = preSolution
		Debug|Any CPU = Debug|Any CPU
		Release|Any CPU = Release|Any CPU
	EndGlobalSection
	GlobalSection(ProjectConfigurationPlatforms) = postSolution
		{04C5D694-2F28-037B-A474-625C2F98DFA6}.Debug|Any CPU.ActiveCfg = Debug|Any CPU
		{04C5D694-2F28-037B-A474-625C2F98DFA6}.Debug|Any CPU.Build.0 = Debug|Any CPU
		{04C5D694-2F28-037B-A474-625C2F98DFA6}.Release|Any CPU.ActiveCfg = Release|Any CPU
		{04C5D694-2F28-037B-A474-625C2F98DFA6}.Release|Any CPU.Build.0 = Release|Any CPU
		{B71570F7-2C05-53C0-59E4-521808BABA76}.Debug|Any CPU.ActiveCfg = Debug|Any CPU
		{B71570F7-2C05-53C0-59E4-521808BABA76}.Debug|Any CPU.Build.0 = Debug|Any CPU
		{B71570F7-2C05-53C0-59E4-521808BABA76}.Release|Any CPU.ActiveCfg = Release|Any CPU
		{B71570F7-2C05-53C0-59E4-521808BABA76}.Release|Any CPU.Build.0 = Release|Any CPU
		{CECE7188-DD02-4257-98F2-60BB206008DE}.Debug|Any CPU.ActiveCfg = Debug|Any CPU
		{CECE7188-DD02-4257-98F2-60BB206008DE}.Debug|Any CPU.Build.0 = Debug|Any CPU
		{CECE7188-DD02-4257-98F2-60BB206008DE}.Release|Any CPU.ActiveCfg = Release|Any CPU
		{CECE7188-DD02-4257-98F2-60BB206008DE}.Release|Any CPU.Build.0 = Release|Any CPU
		{2E2E0F28-9AC6-1A69-22DA-DCB18271ACBD}.Debug|Any CPU.ActiveCfg = Debug|Any CPU
		{2E2E0F28-9AC6-1A69-22DA-DCB18271ACBD}.Debug|Any CPU.Build.0 = Debug|Any CPU
		{2E2E0F28-9AC6-1A69-22DA-DCB18271ACBD}.Release|Any CPU.ActiveCfg = Release|Any CPU
		{2E2E0F28-9AC6-1A69-22DA-DCB18271ACBD}.Release|Any CPU.Build.0 = Release|Any CPU
		{B0A1AAB5-F5D3-9601-80F1-6FE6C220B983}.Debug|Any CPU.ActiveCfg = Debug|Any CPU
		{B0A1AAB5-F5D3-9601-80F1-6FE6C220B983}.Debug|Any CPU.Build.0 = Debug|Any CPU
		{B0A1AAB5-F5D3-9601-80F1-6FE6C220B983}.Release|Any CPU.ActiveCfg = Release|Any CPU
		{B0A1AAB5-F5D3-9601-80F1-6FE6C220B983}.Release|Any CPU.Build.0 = Release|Any CPU
		{F6D6A2FD-BD45-1854-9F1B-9AB3B7844CE2}.Debug|Any CPU.ActiveCfg = Debug|Any CPU
		{F6D6A2FD-BD45-1854-9F1B-9AB3B7844CE2}.Debug|Any CPU.Build.0 = Debug|Any CPU
		{F6D6A2FD-BD45-1854-9F1B-9AB3B7844CE2}.Release|Any CPU.ActiveCfg = Release|Any CPU
		{F6D6A2FD-BD45-1854-9F1B-9AB3B7844CE2}.Release|Any CPU.Build.0 = Release|Any CPU
		{393F93E6-A526-8860-509D-87A3D44F7275}.Debug|Any CPU.ActiveCfg = Debug|Any CPU
		{393F93E6-A526-8860-509D-87A3D44F7275}.Debug|Any CPU.Build.0 = Debug|Any CPU
		{393F93E6-A526-8860-509D-87A3D44F7275}.Release|Any CPU.ActiveCfg = Release|Any CPU
		{393F93E6-A526-8860-509D-87A3D44F7275}.Release|Any CPU.Build.0 = Release|Any CPU
		{EF8C9EEA-9972-00B4-73CB-7931BC299FA3}.Debug|Any CPU.ActiveCfg = Debug|Any CPU
		{EF8C9EEA-9972-00B4-73CB-7931BC299FA3}.Debug|Any CPU.Build.0 = Debug|Any CPU
		{EF8C9EEA-9972-00B4-73CB-7931BC299FA3}.Release|Any CPU.ActiveCfg = Release|Any CPU
		{EF8C9EEA-9972-00B4-73CB-7931BC299FA3}.Release|Any CPU.Build.0 = Release|Any CPU
		{3324A655-E191-D659-FA7C-952F3304CA6C}.Debug|Any CPU.ActiveCfg = Debug|Any CPU
		{3324A655-E191-D659-FA7C-952F3304CA6C}.Debug|Any CPU.Build.0 = Debug|Any CPU
		{3324A655-E191-D659-FA7C-952F3304CA6C}.Release|Any CPU.ActiveCfg = Release|Any CPU
		{3324A655-E191-D659-FA7C-952F3304CA6C}.Release|Any CPU.Build.0 = Release|Any CPU
		{DCB7943F-A3D5-816A-8CF0-07AF339FC596}.Debug|Any CPU.ActiveCfg = Debug|Any CPU
		{DCB7943F-A3D5-816A-8CF0-07AF339FC596}.Debug|Any CPU.Build.0 = Debug|Any CPU
		{DCB7943F-A3D5-816A-8CF0-07AF339FC596}.Release|Any CPU.ActiveCfg = Release|Any CPU
		{DCB7943F-A3D5-816A-8CF0-07AF339FC596}.Release|Any CPU.Build.0 = Release|Any CPU
		{E6DC3DF1-C1F6-EC1A-407D-DE8278DC7BE0}.Debug|Any CPU.ActiveCfg = Debug|Any CPU
		{E6DC3DF1-C1F6-EC1A-407D-DE8278DC7BE0}.Debug|Any CPU.Build.0 = Debug|Any CPU
		{E6DC3DF1-C1F6-EC1A-407D-DE8278DC7BE0}.Release|Any CPU.ActiveCfg = Release|Any CPU
		{E6DC3DF1-C1F6-EC1A-407D-DE8278DC7BE0}.Release|Any CPU.Build.0 = Release|Any CPU
		{5F53690F-186B-B14A-1C54-91A8739DAD18}.Debug|Any CPU.ActiveCfg = Debug|Any CPU
		{5F53690F-186B-B14A-1C54-91A8739DAD18}.Debug|Any CPU.Build.0 = Debug|Any CPU
		{5F53690F-186B-B14A-1C54-91A8739DAD18}.Release|Any CPU.ActiveCfg = Release|Any CPU
		{5F53690F-186B-B14A-1C54-91A8739DAD18}.Release|Any CPU.Build.0 = Release|Any CPU
		{3A8E8A38-B9FB-C0C7-25BC-12F7375C264F}.Debug|Any CPU.ActiveCfg = Debug|Any CPU
		{3A8E8A38-B9FB-C0C7-25BC-12F7375C264F}.Debug|Any CPU.Build.0 = Debug|Any CPU
		{3A8E8A38-B9FB-C0C7-25BC-12F7375C264F}.Release|Any CPU.ActiveCfg = Release|Any CPU
		{3A8E8A38-B9FB-C0C7-25BC-12F7375C264F}.Release|Any CPU.Build.0 = Release|Any CPU
		{A5836032-F7F5-64EE-CE8B-6F1EFA8F0E6C}.Debug|Any CPU.ActiveCfg = Debug|Any CPU
		{A5836032-F7F5-64EE-CE8B-6F1EFA8F0E6C}.Debug|Any CPU.Build.0 = Debug|Any CPU
		{A5836032-F7F5-64EE-CE8B-6F1EFA8F0E6C}.Release|Any CPU.ActiveCfg = Release|Any CPU
		{A5836032-F7F5-64EE-CE8B-6F1EFA8F0E6C}.Release|Any CPU.Build.0 = Release|Any CPU
		{997F713B-BFED-A965-2775-3A58565C7425}.Debug|Any CPU.ActiveCfg = Debug|Any CPU
		{997F713B-BFED-A965-2775-3A58565C7425}.Debug|Any CPU.Build.0 = Debug|Any CPU
		{997F713B-BFED-A965-2775-3A58565C7425}.Release|Any CPU.ActiveCfg = Release|Any CPU
		{997F713B-BFED-A965-2775-3A58565C7425}.Release|Any CPU.Build.0 = Release|Any CPU
		{B715A09F-B63B-1F49-7CF1-9D17DDCE4D5A}.Debug|Any CPU.ActiveCfg = Debug|Any CPU
		{B715A09F-B63B-1F49-7CF1-9D17DDCE4D5A}.Debug|Any CPU.Build.0 = Debug|Any CPU
		{B715A09F-B63B-1F49-7CF1-9D17DDCE4D5A}.Release|Any CPU.ActiveCfg = Release|Any CPU
		{B715A09F-B63B-1F49-7CF1-9D17DDCE4D5A}.Release|Any CPU.Build.0 = Release|Any CPU
		{E21D3D88-238D-EBD5-B924-C6506185100E}.Debug|Any CPU.ActiveCfg = Debug|Any CPU
		{E21D3D88-238D-EBD5-B924-C6506185100E}.Debug|Any CPU.Build.0 = Debug|Any CPU
		{E21D3D88-238D-EBD5-B924-C6506185100E}.Release|Any CPU.ActiveCfg = Release|Any CPU
		{E21D3D88-238D-EBD5-B924-C6506185100E}.Release|Any CPU.Build.0 = Release|Any CPU
		{17B29526-5CC3-AF9A-27B2-0A0362003016}.Debug|Any CPU.ActiveCfg = Debug|Any CPU
		{17B29526-5CC3-AF9A-27B2-0A0362003016}.Debug|Any CPU.Build.0 = Debug|Any CPU
		{17B29526-5CC3-AF9A-27B2-0A0362003016}.Release|Any CPU.ActiveCfg = Release|Any CPU
		{17B29526-5CC3-AF9A-27B2-0A0362003016}.Release|Any CPU.Build.0 = Release|Any CPU
		{A1C3739F-8DD7-7F02-B13D-B81B8E3EDB0A}.Debug|Any CPU.ActiveCfg = Debug|Any CPU
		{A1C3739F-8DD7-7F02-B13D-B81B8E3EDB0A}.Debug|Any CPU.Build.0 = Debug|Any CPU
		{A1C3739F-8DD7-7F02-B13D-B81B8E3EDB0A}.Release|Any CPU.ActiveCfg = Release|Any CPU
		{A1C3739F-8DD7-7F02-B13D-B81B8E3EDB0A}.Release|Any CPU.Build.0 = Release|Any CPU
		{A2ECE4EA-8D35-1115-5C1F-2E563A3EF423}.Debug|Any CPU.ActiveCfg = Debug|Any CPU
		{A2ECE4EA-8D35-1115-5C1F-2E563A3EF423}.Debug|Any CPU.Build.0 = Debug|Any CPU
		{A2ECE4EA-8D35-1115-5C1F-2E563A3EF423}.Release|Any CPU.ActiveCfg = Release|Any CPU
		{A2ECE4EA-8D35-1115-5C1F-2E563A3EF423}.Release|Any CPU.Build.0 = Release|Any CPU
		{D881B5EF-24D7-B17A-BA80-F9A581F8D4C2}.Debug|Any CPU.ActiveCfg = Debug|Any CPU
		{D881B5EF-24D7-B17A-BA80-F9A581F8D4C2}.Debug|Any CPU.Build.0 = Debug|Any CPU
		{D881B5EF-24D7-B17A-BA80-F9A581F8D4C2}.Release|Any CPU.ActiveCfg = Release|Any CPU
		{D881B5EF-24D7-B17A-BA80-F9A581F8D4C2}.Release|Any CPU.Build.0 = Release|Any CPU
		{17C994DF-6733-57F7-4149-C1C29718122A}.Debug|Any CPU.ActiveCfg = Debug|Any CPU
		{17C994DF-6733-57F7-4149-C1C29718122A}.Debug|Any CPU.Build.0 = Debug|Any CPU
		{17C994DF-6733-57F7-4149-C1C29718122A}.Release|Any CPU.ActiveCfg = Release|Any CPU
		{17C994DF-6733-57F7-4149-C1C29718122A}.Release|Any CPU.Build.0 = Release|Any CPU
		{C0F72C40-5076-D525-57E5-15F7AD7E3163}.Debug|Any CPU.ActiveCfg = Debug|Any CPU
		{C0F72C40-5076-D525-57E5-15F7AD7E3163}.Debug|Any CPU.Build.0 = Debug|Any CPU
		{C0F72C40-5076-D525-57E5-15F7AD7E3163}.Release|Any CPU.ActiveCfg = Release|Any CPU
		{C0F72C40-5076-D525-57E5-15F7AD7E3163}.Release|Any CPU.Build.0 = Release|Any CPU
		{8BEB1812-44DB-5155-C332-01BD21CA9BDD}.Debug|Any CPU.ActiveCfg = Debug|Any CPU
		{8BEB1812-44DB-5155-C332-01BD21CA9BDD}.Debug|Any CPU.Build.0 = Debug|Any CPU
		{8BEB1812-44DB-5155-C332-01BD21CA9BDD}.Release|Any CPU.ActiveCfg = Release|Any CPU
		{8BEB1812-44DB-5155-C332-01BD21CA9BDD}.Release|Any CPU.Build.0 = Release|Any CPU
		{3FB296E0-560B-7582-3C27-610A2CE960F5}.Debug|Any CPU.ActiveCfg = Debug|Any CPU
		{3FB296E0-560B-7582-3C27-610A2CE960F5}.Debug|Any CPU.Build.0 = Debug|Any CPU
		{3FB296E0-560B-7582-3C27-610A2CE960F5}.Release|Any CPU.ActiveCfg = Release|Any CPU
		{3FB296E0-560B-7582-3C27-610A2CE960F5}.Release|Any CPU.Build.0 = Release|Any CPU
		{BF796F0E-4C40-44F2-1690-87F2AE675A7F}.Debug|Any CPU.ActiveCfg = Debug|Any CPU
		{BF796F0E-4C40-44F2-1690-87F2AE675A7F}.Debug|Any CPU.Build.0 = Debug|Any CPU
		{BF796F0E-4C40-44F2-1690-87F2AE675A7F}.Release|Any CPU.ActiveCfg = Release|Any CPU
		{BF796F0E-4C40-44F2-1690-87F2AE675A7F}.Release|Any CPU.Build.0 = Release|Any CPU
		{120863E7-2C64-6F4A-575F-E5024F265A4B}.Debug|Any CPU.ActiveCfg = Debug|Any CPU
		{120863E7-2C64-6F4A-575F-E5024F265A4B}.Debug|Any CPU.Build.0 = Debug|Any CPU
		{120863E7-2C64-6F4A-575F-E5024F265A4B}.Release|Any CPU.ActiveCfg = Release|Any CPU
		{120863E7-2C64-6F4A-575F-E5024F265A4B}.Release|Any CPU.Build.0 = Release|Any CPU
		{35428A92-7639-9B79-ACEA-9EF036190A49}.Debug|Any CPU.ActiveCfg = Debug|Any CPU
		{35428A92-7639-9B79-ACEA-9EF036190A49}.Debug|Any CPU.Build.0 = Debug|Any CPU
		{35428A92-7639-9B79-ACEA-9EF036190A49}.Release|Any CPU.ActiveCfg = Release|Any CPU
		{35428A92-7639-9B79-ACEA-9EF036190A49}.Release|Any CPU.Build.0 = Release|Any CPU
		{BBCA707C-A834-DC00-1956-4A4BDA16C5DD}.Debug|Any CPU.ActiveCfg = Debug|Any CPU
		{BBCA707C-A834-DC00-1956-4A4BDA16C5DD}.Debug|Any CPU.Build.0 = Debug|Any CPU
		{BBCA707C-A834-DC00-1956-4A4BDA16C5DD}.Release|Any CPU.ActiveCfg = Release|Any CPU
		{BBCA707C-A834-DC00-1956-4A4BDA16C5DD}.Release|Any CPU.Build.0 = Release|Any CPU
		{0B1BACCE-1C0F-C945-24B7-21389663331D}.Debug|Any CPU.ActiveCfg = Debug|Any CPU
		{0B1BACCE-1C0F-C945-24B7-21389663331D}.Debug|Any CPU.Build.0 = Debug|Any CPU
		{0B1BACCE-1C0F-C945-24B7-21389663331D}.Release|Any CPU.ActiveCfg = Release|Any CPU
		{0B1BACCE-1C0F-C945-24B7-21389663331D}.Release|Any CPU.Build.0 = Release|Any CPU
		{6D1A5655-2048-FFB3-F1C3-C28DD5156D28}.Debug|Any CPU.ActiveCfg = Debug|Any CPU
		{6D1A5655-2048-FFB3-F1C3-C28DD5156D28}.Debug|Any CPU.Build.0 = Debug|Any CPU
		{6D1A5655-2048-FFB3-F1C3-C28DD5156D28}.Release|Any CPU.ActiveCfg = Release|Any CPU
		{6D1A5655-2048-FFB3-F1C3-C28DD5156D28}.Release|Any CPU.Build.0 = Release|Any CPU
		{C94AC3B7-EB5A-469F-EE0F-62C90418A26F}.Debug|Any CPU.ActiveCfg = Debug|Any CPU
		{C94AC3B7-EB5A-469F-EE0F-62C90418A26F}.Debug|Any CPU.Build.0 = Debug|Any CPU
		{C94AC3B7-EB5A-469F-EE0F-62C90418A26F}.Release|Any CPU.ActiveCfg = Release|Any CPU
		{C94AC3B7-EB5A-469F-EE0F-62C90418A26F}.Release|Any CPU.Build.0 = Release|Any CPU
		{121395AB-1B36-BFF9-FB65-895D02F7ED6E}.Debug|Any CPU.ActiveCfg = Debug|Any CPU
		{121395AB-1B36-BFF9-FB65-895D02F7ED6E}.Debug|Any CPU.Build.0 = Debug|Any CPU
		{121395AB-1B36-BFF9-FB65-895D02F7ED6E}.Release|Any CPU.ActiveCfg = Release|Any CPU
		{121395AB-1B36-BFF9-FB65-895D02F7ED6E}.Release|Any CPU.Build.0 = Release|Any CPU
		{4377120F-DE92-9F47-2BF3-78421E1AE0FA}.Debug|Any CPU.ActiveCfg = Debug|Any CPU
		{4377120F-DE92-9F47-2BF3-78421E1AE0FA}.Debug|Any CPU.Build.0 = Debug|Any CPU
		{4377120F-DE92-9F47-2BF3-78421E1AE0FA}.Release|Any CPU.ActiveCfg = Release|Any CPU
		{4377120F-DE92-9F47-2BF3-78421E1AE0FA}.Release|Any CPU.Build.0 = Release|Any CPU
		{D82CA76B-E9B7-09A0-7469-AB04D664743D}.Debug|Any CPU.ActiveCfg = Debug|Any CPU
		{D82CA76B-E9B7-09A0-7469-AB04D664743D}.Debug|Any CPU.Build.0 = Debug|Any CPU
		{D82CA76B-E9B7-09A0-7469-AB04D664743D}.Release|Any CPU.ActiveCfg = Release|Any CPU
		{D82CA76B-E9B7-09A0-7469-AB04D664743D}.Release|Any CPU.Build.0 = Release|Any CPU
		{0C944098-D66C-B689-3D11-B5E59FA18C74}.Debug|Any CPU.ActiveCfg = Debug|Any CPU
		{0C944098-D66C-B689-3D11-B5E59FA18C74}.Debug|Any CPU.Build.0 = Debug|Any CPU
		{0C944098-D66C-B689-3D11-B5E59FA18C74}.Release|Any CPU.ActiveCfg = Release|Any CPU
		{0C944098-D66C-B689-3D11-B5E59FA18C74}.Release|Any CPU.Build.0 = Release|Any CPU
		{309B8349-B75C-E124-0B2C-3071E1CC9393}.Debug|Any CPU.ActiveCfg = Debug|Any CPU
		{309B8349-B75C-E124-0B2C-3071E1CC9393}.Debug|Any CPU.Build.0 = Debug|Any CPU
		{309B8349-B75C-E124-0B2C-3071E1CC9393}.Release|Any CPU.ActiveCfg = Release|Any CPU
		{309B8349-B75C-E124-0B2C-3071E1CC9393}.Release|Any CPU.Build.0 = Release|Any CPU
		{387FC358-88F6-0C7C-3ED0-501BED3DECBC}.Debug|Any CPU.ActiveCfg = Debug|Any CPU
		{387FC358-88F6-0C7C-3ED0-501BED3DECBC}.Debug|Any CPU.Build.0 = Debug|Any CPU
		{387FC358-88F6-0C7C-3ED0-501BED3DECBC}.Release|Any CPU.ActiveCfg = Release|Any CPU
		{387FC358-88F6-0C7C-3ED0-501BED3DECBC}.Release|Any CPU.Build.0 = Release|Any CPU
		{3E844EAE-DCF6-F75E-1CC3-2DB1D759E501}.Debug|Any CPU.ActiveCfg = Debug|Any CPU
		{3E844EAE-DCF6-F75E-1CC3-2DB1D759E501}.Debug|Any CPU.Build.0 = Debug|Any CPU
		{3E844EAE-DCF6-F75E-1CC3-2DB1D759E501}.Release|Any CPU.ActiveCfg = Release|Any CPU
		{3E844EAE-DCF6-F75E-1CC3-2DB1D759E501}.Release|Any CPU.Build.0 = Release|Any CPU
		{9736B1B0-E25F-BE9E-169C-14F6674C826A}.Debug|Any CPU.ActiveCfg = Debug|Any CPU
		{9736B1B0-E25F-BE9E-169C-14F6674C826A}.Debug|Any CPU.Build.0 = Debug|Any CPU
		{9736B1B0-E25F-BE9E-169C-14F6674C826A}.Release|Any CPU.ActiveCfg = Release|Any CPU
		{9736B1B0-E25F-BE9E-169C-14F6674C826A}.Release|Any CPU.Build.0 = Release|Any CPU
		{78AFE72E-4A3A-1D6F-04F1-3B30FE67FD5D}.Debug|Any CPU.ActiveCfg = Debug|Any CPU
		{78AFE72E-4A3A-1D6F-04F1-3B30FE67FD5D}.Debug|Any CPU.Build.0 = Debug|Any CPU
		{78AFE72E-4A3A-1D6F-04F1-3B30FE67FD5D}.Release|Any CPU.ActiveCfg = Release|Any CPU
		{78AFE72E-4A3A-1D6F-04F1-3B30FE67FD5D}.Release|Any CPU.Build.0 = Release|Any CPU
		{AA6719C0-FFE5-086A-AB72-CDB753B3E9B0}.Debug|Any CPU.ActiveCfg = Debug|Any CPU
		{AA6719C0-FFE5-086A-AB72-CDB753B3E9B0}.Debug|Any CPU.Build.0 = Debug|Any CPU
		{AA6719C0-FFE5-086A-AB72-CDB753B3E9B0}.Release|Any CPU.ActiveCfg = Release|Any CPU
		{AA6719C0-FFE5-086A-AB72-CDB753B3E9B0}.Release|Any CPU.Build.0 = Release|Any CPU
		{9C1ECA5E-76F7-F0C8-494D-DFA7D5050DF5}.Debug|Any CPU.ActiveCfg = Debug|Any CPU
		{9C1ECA5E-76F7-F0C8-494D-DFA7D5050DF5}.Debug|Any CPU.Build.0 = Debug|Any CPU
		{9C1ECA5E-76F7-F0C8-494D-DFA7D5050DF5}.Release|Any CPU.ActiveCfg = Release|Any CPU
		{9C1ECA5E-76F7-F0C8-494D-DFA7D5050DF5}.Release|Any CPU.Build.0 = Release|Any CPU
		{CFE4904A-9AD9-367E-B2B1-E2A38CBFB75B}.Debug|Any CPU.ActiveCfg = Debug|Any CPU
		{CFE4904A-9AD9-367E-B2B1-E2A38CBFB75B}.Debug|Any CPU.Build.0 = Debug|Any CPU
		{CFE4904A-9AD9-367E-B2B1-E2A38CBFB75B}.Release|Any CPU.ActiveCfg = Release|Any CPU
		{CFE4904A-9AD9-367E-B2B1-E2A38CBFB75B}.Release|Any CPU.Build.0 = Release|Any CPU
		{4732D3CD-493E-DBEB-6BAE-E528012A8878}.Debug|Any CPU.ActiveCfg = Debug|Any CPU
		{4732D3CD-493E-DBEB-6BAE-E528012A8878}.Debug|Any CPU.Build.0 = Debug|Any CPU
		{4732D3CD-493E-DBEB-6BAE-E528012A8878}.Release|Any CPU.ActiveCfg = Release|Any CPU
		{4732D3CD-493E-DBEB-6BAE-E528012A8878}.Release|Any CPU.Build.0 = Release|Any CPU
		{3DFC726A-2632-9547-3C4A-50C074B2F2D9}.Debug|Any CPU.ActiveCfg = Debug|Any CPU
		{3DFC726A-2632-9547-3C4A-50C074B2F2D9}.Debug|Any CPU.Build.0 = Debug|Any CPU
		{3DFC726A-2632-9547-3C4A-50C074B2F2D9}.Release|Any CPU.ActiveCfg = Release|Any CPU
		{3DFC726A-2632-9547-3C4A-50C074B2F2D9}.Release|Any CPU.Build.0 = Release|Any CPU
		{F7286FAD-BAE4-1292-0755-550D4DD86958}.Debug|Any CPU.ActiveCfg = Debug|Any CPU
		{F7286FAD-BAE4-1292-0755-550D4DD86958}.Debug|Any CPU.Build.0 = Debug|Any CPU
		{F7286FAD-BAE4-1292-0755-550D4DD86958}.Release|Any CPU.ActiveCfg = Release|Any CPU
		{F7286FAD-BAE4-1292-0755-550D4DD86958}.Release|Any CPU.Build.0 = Release|Any CPU
		{0E78C5A4-8F1A-98C1-CE3A-374D420DA7A6}.Debug|Any CPU.ActiveCfg = Debug|Any CPU
		{0E78C5A4-8F1A-98C1-CE3A-374D420DA7A6}.Debug|Any CPU.Build.0 = Debug|Any CPU
		{0E78C5A4-8F1A-98C1-CE3A-374D420DA7A6}.Release|Any CPU.ActiveCfg = Release|Any CPU
		{0E78C5A4-8F1A-98C1-CE3A-374D420DA7A6}.Release|Any CPU.Build.0 = Release|Any CPU
		{1590B428-729C-D829-5A3E-7A69182756A5}.Debug|Any CPU.ActiveCfg = Debug|Any CPU
		{1590B428-729C-D829-5A3E-7A69182756A5}.Debug|Any CPU.Build.0 = Debug|Any CPU
		{1590B428-729C-D829-5A3E-7A69182756A5}.Release|Any CPU.ActiveCfg = Release|Any CPU
		{1590B428-729C-D829-5A3E-7A69182756A5}.Release|Any CPU.Build.0 = Release|Any CPU
		{F06373D3-2971-26B3-3760-7EE9CF06550C}.Debug|Any CPU.ActiveCfg = Debug|Any CPU
		{F06373D3-2971-26B3-3760-7EE9CF06550C}.Debug|Any CPU.Build.0 = Debug|Any CPU
		{F06373D3-2971-26B3-3760-7EE9CF06550C}.Release|Any CPU.ActiveCfg = Release|Any CPU
		{F06373D3-2971-26B3-3760-7EE9CF06550C}.Release|Any CPU.Build.0 = Release|Any CPU
		{A1A79D05-155C-ED00-2F98-FCD209F6922D}.Debug|Any CPU.ActiveCfg = Debug|Any CPU
		{A1A79D05-155C-ED00-2F98-FCD209F6922D}.Debug|Any CPU.Build.0 = Debug|Any CPU
		{A1A79D05-155C-ED00-2F98-FCD209F6922D}.Release|Any CPU.ActiveCfg = Release|Any CPU
		{A1A79D05-155C-ED00-2F98-FCD209F6922D}.Release|Any CPU.Build.0 = Release|Any CPU
		{43017001-0088-7156-EB63-1B87C16BE8DA}.Debug|Any CPU.ActiveCfg = Debug|Any CPU
		{43017001-0088-7156-EB63-1B87C16BE8DA}.Debug|Any CPU.Build.0 = Debug|Any CPU
		{43017001-0088-7156-EB63-1B87C16BE8DA}.Release|Any CPU.ActiveCfg = Release|Any CPU
		{43017001-0088-7156-EB63-1B87C16BE8DA}.Release|Any CPU.Build.0 = Release|Any CPU
		{0769E7A1-7C4F-5412-0FFB-AB918F7A323C}.Debug|Any CPU.ActiveCfg = Debug|Any CPU
		{0769E7A1-7C4F-5412-0FFB-AB918F7A323C}.Debug|Any CPU.Build.0 = Debug|Any CPU
		{0769E7A1-7C4F-5412-0FFB-AB918F7A323C}.Release|Any CPU.ActiveCfg = Release|Any CPU
		{0769E7A1-7C4F-5412-0FFB-AB918F7A323C}.Release|Any CPU.Build.0 = Release|Any CPU
		{B1283F14-7709-B97C-EA7E-443E7B134D46}.Debug|Any CPU.ActiveCfg = Debug|Any CPU
		{B1283F14-7709-B97C-EA7E-443E7B134D46}.Debug|Any CPU.Build.0 = Debug|Any CPU
		{B1283F14-7709-B97C-EA7E-443E7B134D46}.Release|Any CPU.ActiveCfg = Release|Any CPU
		{B1283F14-7709-B97C-EA7E-443E7B134D46}.Release|Any CPU.Build.0 = Release|Any CPU
		{A52377AF-C258-2942-9584-C76729D5EC40}.Debug|Any CPU.ActiveCfg = Debug|Any CPU
		{A52377AF-C258-2942-9584-C76729D5EC40}.Debug|Any CPU.Build.0 = Debug|Any CPU
		{A52377AF-C258-2942-9584-C76729D5EC40}.Release|Any CPU.ActiveCfg = Release|Any CPU
		{A52377AF-C258-2942-9584-C76729D5EC40}.Release|Any CPU.Build.0 = Release|Any CPU
		{D64146B6-3872-0A5D-46BC-A5674F816203}.Debug|Any CPU.ActiveCfg = Debug|Any CPU
		{D64146B6-3872-0A5D-46BC-A5674F816203}.Debug|Any CPU.Build.0 = Debug|Any CPU
		{D64146B6-3872-0A5D-46BC-A5674F816203}.Release|Any CPU.ActiveCfg = Release|Any CPU
		{D64146B6-3872-0A5D-46BC-A5674F816203}.Release|Any CPU.Build.0 = Release|Any CPU
		{A2B06A12-98C9-87C0-8898-25C0AAB72C40}.Debug|Any CPU.ActiveCfg = Debug|Any CPU
		{A2B06A12-98C9-87C0-8898-25C0AAB72C40}.Debug|Any CPU.Build.0 = Debug|Any CPU
		{A2B06A12-98C9-87C0-8898-25C0AAB72C40}.Release|Any CPU.ActiveCfg = Release|Any CPU
		{A2B06A12-98C9-87C0-8898-25C0AAB72C40}.Release|Any CPU.Build.0 = Release|Any CPU
		{7C5A1F81-2530-FFEF-8293-F32BEA3EA1BB}.Debug|Any CPU.ActiveCfg = Debug|Any CPU
		{7C5A1F81-2530-FFEF-8293-F32BEA3EA1BB}.Debug|Any CPU.Build.0 = Debug|Any CPU
		{7C5A1F81-2530-FFEF-8293-F32BEA3EA1BB}.Release|Any CPU.ActiveCfg = Release|Any CPU
		{7C5A1F81-2530-FFEF-8293-F32BEA3EA1BB}.Release|Any CPU.Build.0 = Release|Any CPU
		{B4E3EB37-9BE3-7596-C046-4F9AB39A831B}.Debug|Any CPU.ActiveCfg = Debug|Any CPU
		{B4E3EB37-9BE3-7596-C046-4F9AB39A831B}.Debug|Any CPU.Build.0 = Debug|Any CPU
		{B4E3EB37-9BE3-7596-C046-4F9AB39A831B}.Release|Any CPU.ActiveCfg = Release|Any CPU
		{B4E3EB37-9BE3-7596-C046-4F9AB39A831B}.Release|Any CPU.Build.0 = Release|Any CPU
		{5179806A-0CC6-6A73-3EAB-1B7AA3A207E2}.Debug|Any CPU.ActiveCfg = Debug|Any CPU
		{5179806A-0CC6-6A73-3EAB-1B7AA3A207E2}.Debug|Any CPU.Build.0 = Debug|Any CPU
		{5179806A-0CC6-6A73-3EAB-1B7AA3A207E2}.Release|Any CPU.ActiveCfg = Release|Any CPU
		{5179806A-0CC6-6A73-3EAB-1B7AA3A207E2}.Release|Any CPU.Build.0 = Release|Any CPU
	EndGlobalSection
	GlobalSection(SolutionProperties) = preSolution
		HideSolutionNode = FALSE
	EndGlobalSection
EndGlobal
